
Microsoft Visual Studio Solution File, Format Version 12.00
# Visual Studio Version 17
VisualStudioVersion = 17.13.35931.197
MinimumVisualStudioVersion = 10.0.40219.1
Project("{FAE04EC0-301F-11D3-BF4B-00C04F79EFBC}") = "Order Management System", "Order Management System.csproj", "{9E3C0823-86B0-42F4-AA6C-7D48F463ABAD}"
EndProject
Global
	GlobalSection(SolutionConfigurationPlatforms) = preSolution
		Debug|Any CPU = Debug|Any CPU
		Release|Any CPU = Release|Any CPU
	EndGlobalSection
	GlobalSection(ProjectConfigurationPlatforms) = postSolution
		{9E3C0823-86B0-42F4-AA6C-7D48F463ABAD}.Debug|Any CPU.ActiveCfg = Debug|Any CPU
		{9E3C0823-86B0-42F4-AA6C-7D48F463ABAD}.Debug|Any CPU.Build.0 = Debug|Any CPU
		{9E3C0823-86B0-42F4-AA6C-7D48F463ABAD}.Release|Any CPU.ActiveCfg = Release|Any CPU
		{9E3C0823-86B0-42F4-AA6C-7D48F463ABAD}.Release|Any CPU.Build.0 = Release|Any CPU
	EndGlobalSection
	GlobalSection(SolutionProperties) = preSolution
		HideSolutionNode = FALSE
	EndGlobalSection
	GlobalSection(ExtensibilityGlobals) = postSolution
		SolutionGuid = {3EFB3995-DE32-42EC-9478-B54D99EFBB09}
	EndGlobalSection
EndGlobal
